
Microsoft Visual Studio Solution File, Format Version 12.00
# Visual Studio Version 17
VisualStudioVersion = 17.0.31903.59
MinimumVisualStudioVersion = 10.0.40219.1
Project("{FAE04EC0-301F-11D3-BF4B-00C04F79EFBC}") = "PaystubFunction", "PaystubFunction\PaystubFunction.csproj", "{1F5DBD80-746A-4D45-95FB-689712595796}"
EndProject
Project("{FAE04EC0-301F-11D3-BF4B-00C04F79EFBC}") = "PaystubLibrary", "PaystubLibrary\PaystubLibrary.csproj", "{B060F6E0-FBC9-4846-BD93-83E6F0F8EBB1}"
EndProject
Global
	GlobalSection(SolutionConfigurationPlatforms) = preSolution
		Debug|Any CPU = Debug|Any CPU
		Release|Any CPU = Release|Any CPU
	EndGlobalSection
	GlobalSection(SolutionProperties) = preSolution
		HideSolutionNode = FALSE
	EndGlobalSection
	GlobalSection(ProjectConfigurationPlatforms) = postSolution
		{1F5DBD80-746A-4D45-95FB-689712595796}.Debug|Any CPU.ActiveCfg = Debug|Any CPU
		{1F5DBD80-746A-4D45-95FB-689712595796}.Debug|Any CPU.Build.0 = Debug|Any CPU
		{1F5DBD80-746A-4D45-95FB-689712595796}.Release|Any CPU.ActiveCfg = Release|Any CPU
		{1F5DBD80-746A-4D45-95FB-689712595796}.Release|Any CPU.Build.0 = Release|Any CPU
		{B060F6E0-FBC9-4846-BD93-83E6F0F8EBB1}.Debug|Any CPU.ActiveCfg = Debug|Any CPU
		{B060F6E0-FBC9-4846-BD93-83E6F0F8EBB1}.Debug|Any CPU.Build.0 = Debug|Any CPU
		{B060F6E0-FBC9-4846-BD93-83E6F0F8EBB1}.Release|Any CPU.ActiveCfg = Release|Any CPU
		{B060F6E0-FBC9-4846-BD93-83E6F0F8EBB1}.Release|Any CPU.Build.0 = Release|Any CPU
	EndGlobalSection
EndGlobal
